
Microsoft Visual Studio Solution File, Format Version 12.00
# Visual Studio 15
VisualStudioVersion = 15.0.27130.2027
MinimumVisualStudioVersion = 10.0.40219.1
Project("{FAE04EC0-301F-11D3-BF4B-00C04F79EFBC}") = "Wafflelove", "Wafflelove\Wafflelove.csproj", "{036DF709-EE65-4422-81CC-B5634DEFB85D}"
EndProject
Project("{FAE04EC0-301F-11D3-BF4B-00C04F79EFBC}") = "ConsoleApp1", "ConsoleApp1\ConsoleApp1.csproj", "{51B1D3CA-84D6-4FA5-A70F-2D9ACA9B89B4}"
EndProject
Project("{FAE04EC0-301F-11D3-BF4B-00C04F79EFBC}") = "Hiddennumbers", "Hiddennumbers\Hiddennumbers.csproj", "{0B736EC6-321E-4D15-ABE7-2995025A97F9}"
EndProject
Project("{2150E333-8FDC-42A3-9474-1A3956D46DE8}") = "Tests", "Tests", "{5F63AECF-8D9C-4D50-B35C-3F4406CC9E7D}"
EndProject
Project("{FAE04EC0-301F-11D3-BF4B-00C04F79EFBC}") = "HiddennumbersTests", "HiddennumbersTests\HiddennumbersTests.csproj", "{FB96B82C-0B92-4BFC-9F5F-BFF8C98D6B3F}"
EndProject
Project("{FAE04EC0-301F-11D3-BF4B-00C04F79EFBC}") = "Scales", "Scales\Scales.csproj", "{F957F48F-FE41-416E-B625-B334864FA413}"
EndProject
Project("{FAE04EC0-301F-11D3-BF4B-00C04F79EFBC}") = "ScalesTests", "ScalesTests\ScalesTests.csproj", "{A84C0DF0-BCF9-4790-958F-93E90E4F3B85}"
EndProject
Project("{FAE04EC0-301F-11D3-BF4B-00C04F79EFBC}") = "CopyFile", "CopyFile\CopyFile.csproj", "{3FFA159A-627A-449F-8B03-78E4E55856D8}"
EndProject
Project("{FAE04EC0-301F-11D3-BF4B-00C04F79EFBC}") = "ScalesShowingConsole", "ScalesShowingConsole\ScalesShowingConsole.csproj", "{CEF07EC7-EE73-46B9-8239-B7432A4DF2ED}"
EndProject
Project("{FAE04EC0-301F-11D3-BF4B-00C04F79EFBC}") = "BraveKnight", "BraveKnight\BraveKnight.csproj", "{25827257-7C75-498E-B2DA-365D8562E28B}"
EndProject
Project("{FAE04EC0-301F-11D3-BF4B-00C04F79EFBC}") = "BraveKnightTests", "BraveKnightTests\BraveKnightTests.csproj", "{455B7B64-B8A1-4654-8392-8C53A64C6B21}"
EndProject
Project("{FAE04EC0-301F-11D3-BF4B-00C04F79EFBC}") = "DNASplicer", "DNASplicer\DNASplicer.csproj", "{01D3280F-BDE1-4F24-BB97-62DFA41CE1CD}"
EndProject
Project("{FAE04EC0-301F-11D3-BF4B-00C04F79EFBC}") = "DNASplicerTests", "DNASplicerTests\DNASplicerTests.csproj", "{1B1608C0-F5CB-4BA7-8F67-3FAB87B3322D}"
EndProject
Project("{FAE04EC0-301F-11D3-BF4B-00C04F79EFBC}") = "ConsoleTest", "ConsoleTest\ConsoleTest.csproj", "{6D1F87DF-18A7-48D6-9704-E0E643BFB062}"
EndProject
Project("{FAE04EC0-301F-11D3-BF4B-00C04F79EFBC}") = "ButtonHero", "ButtonHero\ButtonHero.csproj", "{FAD6093A-8CF3-46F4-AC5C-2B551AF7FA9E}"
EndProject
Project("{FAE04EC0-301F-11D3-BF4B-00C04F79EFBC}") = "ButtonHeroTests", "ButtonHeroTests\ButtonHeroTests.csproj", "{F219A7FE-24B1-4666-AF5B-73C87E334376}"
EndProject
Project("{FAE04EC0-301F-11D3-BF4B-00C04F79EFBC}") = "UnknownCartridge", "UnknownCartridge\UnknownCartridge.csproj", "{32D65632-3E24-45A5-A0E6-1118681740FA}"
EndProject
Project("{FAE04EC0-301F-11D3-BF4B-00C04F79EFBC}") = "Doorscurity", "Doorscurity\Doorscurity.csproj", "{0988C33C-BE19-445C-ADB9-73412021B1C2}"
EndProject
Project("{FAE04EC0-301F-11D3-BF4B-00C04F79EFBC}") = "DoorscurityTests", "DoorscurityTests\DoorscurityTests.csproj", "{E52D21B8-8243-414B-8BB7-3E2DE3A4946D}"
EndProject
Project("{FAE04EC0-301F-11D3-BF4B-00C04F79EFBC}") = "ScrambledPhoto", "ScrambledPhoto\ScrambledPhoto.csproj", "{52746638-F1D1-4222-A2A6-3ACD0FF93E4C}"
EndProject
Project("{FAE04EC0-301F-11D3-BF4B-00C04F79EFBC}") = "Dance", "Dance\Dance.csproj", "{38E8EE1A-DCC6-46C0-B4EB-59986AF74238}"
EndProject
Project("{2150E333-8FDC-42A3-9474-1A3956D46DE8}") = "Solution Items", "Solution Items", "{EEEB1FCB-8DFE-470B-B346-61E11303EE5F}"
	ProjectSection(SolutionItems) = preProject
		Explanation.txt = Explanation.txt
	EndProjectSection
EndProject
Global
	GlobalSection(SolutionConfigurationPlatforms) = preSolution
		Debug|Any CPU = Debug|Any CPU
		Release|Any CPU = Release|Any CPU
	EndGlobalSection
	GlobalSection(ProjectConfigurationPlatforms) = postSolution
		{036DF709-EE65-4422-81CC-B5634DEFB85D}.Debug|Any CPU.ActiveCfg = Debug|Any CPU
		{036DF709-EE65-4422-81CC-B5634DEFB85D}.Debug|Any CPU.Build.0 = Debug|Any CPU
		{036DF709-EE65-4422-81CC-B5634DEFB85D}.Release|Any CPU.ActiveCfg = Release|Any CPU
		{036DF709-EE65-4422-81CC-B5634DEFB85D}.Release|Any CPU.Build.0 = Release|Any CPU
		{51B1D3CA-84D6-4FA5-A70F-2D9ACA9B89B4}.Debug|Any CPU.ActiveCfg = Debug|Any CPU
		{51B1D3CA-84D6-4FA5-A70F-2D9ACA9B89B4}.Debug|Any CPU.Build.0 = Debug|Any CPU
		{51B1D3CA-84D6-4FA5-A70F-2D9ACA9B89B4}.Release|Any CPU.ActiveCfg = Release|Any CPU
		{51B1D3CA-84D6-4FA5-A70F-2D9ACA9B89B4}.Release|Any CPU.Build.0 = Release|Any CPU
		{0B736EC6-321E-4D15-ABE7-2995025A97F9}.Debug|Any CPU.ActiveCfg = Debug|Any CPU
		{0B736EC6-321E-4D15-ABE7-2995025A97F9}.Debug|Any CPU.Build.0 = Debug|Any CPU
		{0B736EC6-321E-4D15-ABE7-2995025A97F9}.Release|Any CPU.ActiveCfg = Release|Any CPU
		{0B736EC6-321E-4D15-ABE7-2995025A97F9}.Release|Any CPU.Build.0 = Release|Any CPU
		{FB96B82C-0B92-4BFC-9F5F-BFF8C98D6B3F}.Debug|Any CPU.ActiveCfg = Debug|Any CPU
		{FB96B82C-0B92-4BFC-9F5F-BFF8C98D6B3F}.Debug|Any CPU.Build.0 = Debug|Any CPU
		{FB96B82C-0B92-4BFC-9F5F-BFF8C98D6B3F}.Release|Any CPU.ActiveCfg = Release|Any CPU
		{FB96B82C-0B92-4BFC-9F5F-BFF8C98D6B3F}.Release|Any CPU.Build.0 = Release|Any CPU
		{F957F48F-FE41-416E-B625-B334864FA413}.Debug|Any CPU.ActiveCfg = Debug|Any CPU
		{F957F48F-FE41-416E-B625-B334864FA413}.Debug|Any CPU.Build.0 = Debug|Any CPU
		{F957F48F-FE41-416E-B625-B334864FA413}.Release|Any CPU.ActiveCfg = Release|Any CPU
		{F957F48F-FE41-416E-B625-B334864FA413}.Release|Any CPU.Build.0 = Release|Any CPU
		{A84C0DF0-BCF9-4790-958F-93E90E4F3B85}.Debug|Any CPU.ActiveCfg = Debug|Any CPU
		{A84C0DF0-BCF9-4790-958F-93E90E4F3B85}.Debug|Any CPU.Build.0 = Debug|Any CPU
		{A84C0DF0-BCF9-4790-958F-93E90E4F3B85}.Release|Any CPU.ActiveCfg = Release|Any CPU
		{A84C0DF0-BCF9-4790-958F-93E90E4F3B85}.Release|Any CPU.Build.0 = Release|Any CPU
		{3FFA159A-627A-449F-8B03-78E4E55856D8}.Debug|Any CPU.ActiveCfg = Debug|Any CPU
		{3FFA159A-627A-449F-8B03-78E4E55856D8}.Debug|Any CPU.Build.0 = Debug|Any CPU
		{3FFA159A-627A-449F-8B03-78E4E55856D8}.Release|Any CPU.ActiveCfg = Release|Any CPU
		{3FFA159A-627A-449F-8B03-78E4E55856D8}.Release|Any CPU.Build.0 = Release|Any CPU
		{CEF07EC7-EE73-46B9-8239-B7432A4DF2ED}.Debug|Any CPU.ActiveCfg = Debug|Any CPU
		{CEF07EC7-EE73-46B9-8239-B7432A4DF2ED}.Debug|Any CPU.Build.0 = Debug|Any CPU
		{CEF07EC7-EE73-46B9-8239-B7432A4DF2ED}.Release|Any CPU.ActiveCfg = Release|Any CPU
		{CEF07EC7-EE73-46B9-8239-B7432A4DF2ED}.Release|Any CPU.Build.0 = Release|Any CPU
		{25827257-7C75-498E-B2DA-365D8562E28B}.Debug|Any CPU.ActiveCfg = Debug|Any CPU
		{25827257-7C75-498E-B2DA-365D8562E28B}.Debug|Any CPU.Build.0 = Debug|Any CPU
		{25827257-7C75-498E-B2DA-365D8562E28B}.Release|Any CPU.ActiveCfg = Release|Any CPU
		{25827257-7C75-498E-B2DA-365D8562E28B}.Release|Any CPU.Build.0 = Release|Any CPU
		{455B7B64-B8A1-4654-8392-8C53A64C6B21}.Debug|Any CPU.ActiveCfg = Debug|Any CPU
		{455B7B64-B8A1-4654-8392-8C53A64C6B21}.Debug|Any CPU.Build.0 = Debug|Any CPU
		{455B7B64-B8A1-4654-8392-8C53A64C6B21}.Release|Any CPU.ActiveCfg = Release|Any CPU
		{455B7B64-B8A1-4654-8392-8C53A64C6B21}.Release|Any CPU.Build.0 = Release|Any CPU
		{01D3280F-BDE1-4F24-BB97-62DFA41CE1CD}.Debug|Any CPU.ActiveCfg = Debug|Any CPU
		{01D3280F-BDE1-4F24-BB97-62DFA41CE1CD}.Debug|Any CPU.Build.0 = Debug|Any CPU
		{01D3280F-BDE1-4F24-BB97-62DFA41CE1CD}.Release|Any CPU.ActiveCfg = Release|Any CPU
		{01D3280F-BDE1-4F24-BB97-62DFA41CE1CD}.Release|Any CPU.Build.0 = Release|Any CPU
		{1B1608C0-F5CB-4BA7-8F67-3FAB87B3322D}.Debug|Any CPU.ActiveCfg = Debug|Any CPU
		{1B1608C0-F5CB-4BA7-8F67-3FAB87B3322D}.Debug|Any CPU.Build.0 = Debug|Any CPU
		{1B1608C0-F5CB-4BA7-8F67-3FAB87B3322D}.Release|Any CPU.ActiveCfg = Release|Any CPU
		{1B1608C0-F5CB-4BA7-8F67-3FAB87B3322D}.Release|Any CPU.Build.0 = Release|Any CPU
		{6D1F87DF-18A7-48D6-9704-E0E643BFB062}.Debug|Any CPU.ActiveCfg = Debug|Any CPU
		{6D1F87DF-18A7-48D6-9704-E0E643BFB062}.Debug|Any CPU.Build.0 = Debug|Any CPU
		{6D1F87DF-18A7-48D6-9704-E0E643BFB062}.Release|Any CPU.ActiveCfg = Release|Any CPU
		{6D1F87DF-18A7-48D6-9704-E0E643BFB062}.Release|Any CPU.Build.0 = Release|Any CPU
		{FAD6093A-8CF3-46F4-AC5C-2B551AF7FA9E}.Debug|Any CPU.ActiveCfg = Debug|Any CPU
		{FAD6093A-8CF3-46F4-AC5C-2B551AF7FA9E}.Debug|Any CPU.Build.0 = Debug|Any CPU
		{FAD6093A-8CF3-46F4-AC5C-2B551AF7FA9E}.Release|Any CPU.ActiveCfg = Release|Any CPU
		{FAD6093A-8CF3-46F4-AC5C-2B551AF7FA9E}.Release|Any CPU.Build.0 = Release|Any CPU
		{F219A7FE-24B1-4666-AF5B-73C87E334376}.Debug|Any CPU.ActiveCfg = Debug|Any CPU
		{F219A7FE-24B1-4666-AF5B-73C87E334376}.Debug|Any CPU.Build.0 = Debug|Any CPU
		{F219A7FE-24B1-4666-AF5B-73C87E334376}.Release|Any CPU.ActiveCfg = Release|Any CPU
		{F219A7FE-24B1-4666-AF5B-73C87E334376}.Release|Any CPU.Build.0 = Release|Any CPU
		{32D65632-3E24-45A5-A0E6-1118681740FA}.Debug|Any CPU.ActiveCfg = Debug|Any CPU
		{32D65632-3E24-45A5-A0E6-1118681740FA}.Debug|Any CPU.Build.0 = Debug|Any CPU
		{32D65632-3E24-45A5-A0E6-1118681740FA}.Release|Any CPU.ActiveCfg = Release|Any CPU
		{32D65632-3E24-45A5-A0E6-1118681740FA}.Release|Any CPU.Build.0 = Release|Any CPU
		{0988C33C-BE19-445C-ADB9-73412021B1C2}.Debug|Any CPU.ActiveCfg = Debug|Any CPU
		{0988C33C-BE19-445C-ADB9-73412021B1C2}.Debug|Any CPU.Build.0 = Debug|Any CPU
		{0988C33C-BE19-445C-ADB9-73412021B1C2}.Release|Any CPU.ActiveCfg = Release|Any CPU
		{0988C33C-BE19-445C-ADB9-73412021B1C2}.Release|Any CPU.Build.0 = Release|Any CPU
		{E52D21B8-8243-414B-8BB7-3E2DE3A4946D}.Debug|Any CPU.ActiveCfg = Debug|Any CPU
		{E52D21B8-8243-414B-8BB7-3E2DE3A4946D}.Debug|Any CPU.Build.0 = Debug|Any CPU
		{E52D21B8-8243-414B-8BB7-3E2DE3A4946D}.Release|Any CPU.ActiveCfg = Release|Any CPU
		{E52D21B8-8243-414B-8BB7-3E2DE3A4946D}.Release|Any CPU.Build.0 = Release|Any CPU
		{52746638-F1D1-4222-A2A6-3ACD0FF93E4C}.Debug|Any CPU.ActiveCfg = Debug|Any CPU
		{52746638-F1D1-4222-A2A6-3ACD0FF93E4C}.Debug|Any CPU.Build.0 = Debug|Any CPU
		{52746638-F1D1-4222-A2A6-3ACD0FF93E4C}.Release|Any CPU.ActiveCfg = Release|Any CPU
		{52746638-F1D1-4222-A2A6-3ACD0FF93E4C}.Release|Any CPU.Build.0 = Release|Any CPU
		{38E8EE1A-DCC6-46C0-B4EB-59986AF74238}.Debug|Any CPU.ActiveCfg = Debug|Any CPU
		{38E8EE1A-DCC6-46C0-B4EB-59986AF74238}.Debug|Any CPU.Build.0 = Debug|Any CPU
		{38E8EE1A-DCC6-46C0-B4EB-59986AF74238}.Release|Any CPU.ActiveCfg = Release|Any CPU
		{38E8EE1A-DCC6-46C0-B4EB-59986AF74238}.Release|Any CPU.Build.0 = Release|Any CPU
	EndGlobalSection
	GlobalSection(SolutionProperties) = preSolution
		HideSolutionNode = FALSE
	EndGlobalSection
	GlobalSection(NestedProjects) = preSolution
		{FB96B82C-0B92-4BFC-9F5F-BFF8C98D6B3F} = {5F63AECF-8D9C-4D50-B35C-3F4406CC9E7D}
		{A84C0DF0-BCF9-4790-958F-93E90E4F3B85} = {5F63AECF-8D9C-4D50-B35C-3F4406CC9E7D}
		{CEF07EC7-EE73-46B9-8239-B7432A4DF2ED} = {5F63AECF-8D9C-4D50-B35C-3F4406CC9E7D}
		{455B7B64-B8A1-4654-8392-8C53A64C6B21} = {5F63AECF-8D9C-4D50-B35C-3F4406CC9E7D}
		{1B1608C0-F5CB-4BA7-8F67-3FAB87B3322D} = {5F63AECF-8D9C-4D50-B35C-3F4406CC9E7D}
		{6D1F87DF-18A7-48D6-9704-E0E643BFB062} = {5F63AECF-8D9C-4D50-B35C-3F4406CC9E7D}
		{F219A7FE-24B1-4666-AF5B-73C87E334376} = {5F63AECF-8D9C-4D50-B35C-3F4406CC9E7D}
		{E52D21B8-8243-414B-8BB7-3E2DE3A4946D} = {5F63AECF-8D9C-4D50-B35C-3F4406CC9E7D}
	EndGlobalSection
	GlobalSection(ExtensibilityGlobals) = postSolution
		SolutionGuid = {8831D9AE-27D6-461F-9D92-A5B69CBCC8BF}
	EndGlobalSection
EndGlobal
